{
  "name": "DesafioWine",
  "lockfileVersion": 2,
  "requires": true,
  "packages": {
    "": {
      "devDependencies": {
        "izimodal": "^1.6.1"
      }
    },
    "node_modules/izimodal": {
      "version": "1.6.1",
      "resolved": "https://registry.npmjs.org/izimodal/-/izimodal-1.6.1.tgz",
      "integrity": "sha512-PwaeHMjSgP7hte0/Hx4zI1ew7zEIDuJSp28ZvRb23FbfJ9wLZX2Dy2dT+7w8mli4650WJaIuXZsMnHBLKwreMQ==",
      "dev": true,
      "dependencies": {
        "jquery": "~3"
      }
    },
    "node_modules/jquery": {
      "version": "3.6.1",
      "resolved": "https://registry.npmjs.org/jquery/-/jquery-3.6.1.tgz",
      "integrity": "sha512-opJeO4nCucVnsjiXOE+/PcCgYw9Gwpvs/a6B1LL/lQhwWwpbVEVYDZ1FokFr8PRc7ghYlrFPuyHuiiDNTQxmcw==",
      "dev": true
    }
  },
  "dependencies": {
    "izimodal": {
      "version": "1.6.1",
      "resolved": "https://registry.npmjs.org/izimodal/-/izimodal-1.6.1.tgz",
      "integrity": "sha512-PwaeHMjSgP7hte0/Hx4zI1ew7zEIDuJSp28ZvRb23FbfJ9wLZX2Dy2dT+7w8mli4650WJaIuXZsMnHBLKwreMQ==",
      "dev": true,
      "requires": {
        "jquery": "~3"
      }
    },
    "jquery": {
      "version": "3.6.1",
      "resolved": "https://registry.npmjs.org/jquery/-/jquery-3.6.1.tgz",
      "integrity": "sha512-opJeO4nCucVnsjiXOE+/PcCgYw9Gwpvs/a6B1LL/lQhwWwpbVEVYDZ1FokFr8PRc7ghYlrFPuyHuiiDNTQxmcw==",
      "dev": true
    }
  }
}
